// !$*UTF8*$!
{
	archiveVersion = 1;
	classes = {
	};
	objectVersion = 48;
	objects = {

/* Begin PBXBuildFile section */
		FC4253C5202C358A00501337 /* AppDelegate.swift in Sources */ = {isa = PBXBuildFile; fileRef = FC4253C4202C358A00501337 /* AppDelegate.swift */; };
		FC4253C7202C358A00501337 /* ViewController.swift in Sources */ = {isa = PBXBuildFile; fileRef = FC4253C6202C358A00501337 /* ViewController.swift */; };
		FC4253CA202C358A00501337 /* Main.storyboard in Resources */ = {isa = PBXBuildFile; fileRef = FC4253C8202C358A00501337 /* Main.storyboard */; };
		FC4253CC202C358A00501337 /* Assets.xcassets in Resources */ = {isa = PBXBuildFile; fileRef = FC4253CB202C358A00501337 /* Assets.xcassets */; };
		FC4253CF202C358A00501337 /* LaunchScreen.storyboard in Resources */ = {isa = PBXBuildFile; fileRef = FC4253CD202C358A00501337 /* LaunchScreen.storyboard */; };
		FC4253D7202C55C600501337 /* QuestionViewController.swift in Sources */ = {isa = PBXBuildFile; fileRef = FC4253D6202C55C600501337 /* QuestionViewController.swift */; };
		FC9C87A8203AE2FB000D2F9B /* Subject.swift in Sources */ = {isa = PBXBuildFile; fileRef = FC9C87A7203AE2FB000D2F9B /* Subject.swift */; };
		FC9C87AA203B66F3000D2F9B /* Question.swift in Sources */ = {isa = PBXBuildFile; fileRef = FC9C87A9203B66F3000D2F9B /* Question.swift */; };
		FC9C87AC203B74F7000D2F9B /* AnswerViewController.swift in Sources */ = {isa = PBXBuildFile; fileRef = FC9C87AB203B74F7000D2F9B /* AnswerViewController.swift */; };
		FC9C87AE203B9B50000D2F9B /* EndViewController.swift in Sources */ = {isa = PBXBuildFile; fileRef = FC9C87AD203B9B50000D2F9B /* EndViewController.swift */; };
		FCEDF874203D758E002993AC /* Settings.bundle in Resources */ = {isa = PBXBuildFile; fileRef = FCEDF873203D758E002993AC /* Settings.bundle */; };
		FCEDF876203D8A1A002993AC /* Reachability.swift in Sources */ = {isa = PBXBuildFile; fileRef = FCEDF875203D8A1A002993AC /* Reachability.swift */; };
/* End PBXBuildFile section */

/* Begin PBXFileReference section */
		FC4253C1202C358A00501337 /* iQuiz.app */ = {isa = PBXFileReference; explicitFileType = wrapper.application; includeInIndex = 0; path = iQuiz.app; sourceTree = BUILT_PRODUCTS_DIR; };
		FC4253C4202C358A00501337 /* AppDelegate.swift */ = {isa = PBXFileReference; lastKnownFileType = sourcecode.swift; path = AppDelegate.swift; sourceTree = "<group>"; };
		FC4253C6202C358A00501337 /* ViewController.swift */ = {isa = PBXFileReference; lastKnownFileType = sourcecode.swift; path = ViewController.swift; sourceTree = "<group>"; };
		FC4253C9202C358A00501337 /* Base */ = {isa = PBXFileReference; lastKnownFileType = file.storyboard; name = Base; path = Base.lproj/Main.storyboard; sourceTree = "<group>"; };
		FC4253CB202C358A00501337 /* Assets.xcassets */ = {isa = PBXFileReference; lastKnownFileType = folder.assetcatalog; path = Assets.xcassets; sourceTree = "<group>"; };
		FC4253CE202C358A00501337 /* Base */ = {isa = PBXFileReference; lastKnownFileType = file.storyboard; name = Base; path = Base.lproj/LaunchScreen.storyboard; sourceTree = "<group>"; };
		FC4253D0202C358A00501337 /* Info.plist */ = {isa = PBXFileReference; lastKnownFileType = text.plist.xml; path = Info.plist; sourceTree = "<group>"; };
		FC4253D6202C55C600501337 /* QuestionViewController.swift */ = {isa = PBXFileReference; lastKnownFileType = sourcecode.swift; path = QuestionViewController.swift; sourceTree = "<group>"; };
		FC9C87A7203AE2FB000D2F9B /* Subject.swift */ = {isa = PBXFileReference; lastKnownFileType = sourcecode.swift; path = Subject.swift; sourceTree = "<group>"; };
		FC9C87A9203B66F3000D2F9B /* Question.swift */ = {isa = PBXFileReference; lastKnownFileType = sourcecode.swift; path = Question.swift; sourceTree = "<group>"; };
		FC9C87AB203B74F7000D2F9B /* AnswerViewController.swift */ = {isa = PBXFileReference; lastKnownFileType = sourcecode.swift; path = AnswerViewController.swift; sourceTree = "<group>"; };
		FC9C87AD203B9B50000D2F9B /* EndViewController.swift */ = {isa = PBXFileReference; lastKnownFileType = sourcecode.swift; path = EndViewController.swift; sourceTree = "<group>"; };
		FCEDF873203D758E002993AC /* Settings.bundle */ = {isa = PBXFileReference; lastKnownFileType = "wrapper.plug-in"; path = Settings.bundle; sourceTree = "<group>"; };
		FCEDF875203D8A1A002993AC /* Reachability.swift */ = {isa = PBXFileReference; lastKnownFileType = sourcecode.swift; path = Reachability.swift; sourceTree = "<group>"; };
/* End PBXFileReference section */

/* Begin PBXFrameworksBuildPhase section */
		FC4253BE202C358A00501337 /* Frameworks */ = {
			isa = PBXFrameworksBuildPhase;
			buildActionMask = 2147483647;
			files = (
			);
			runOnlyForDeploymentPostprocessing = 0;
		};
/* End PBXFrameworksBuildPhase section */

/* Begin PBXGroup section */
		FC4253B8202C358A00501337 = {
			isa = PBXGroup;
			children = (
				FC4253C3202C358A00501337 /* iQuiz */,
				FC4253C2202C358A00501337 /* Products */,
			);
			sourceTree = "<group>";
		};
		FC4253C2202C358A00501337 /* Products */ = {
			isa = PBXGroup;
			children = (
				FC4253C1202C358A00501337 /* iQuiz.app */,
			);
			name = Products;
			sourceTree = "<group>";
		};
		FC4253C3202C358A00501337 /* iQuiz */ = {
			isa = PBXGroup;
			children = (
				FC4253C4202C358A00501337 /* AppDelegate.swift */,
				FC4253C6202C358A00501337 /* ViewController.swift */,
				FCEDF875203D8A1A002993AC /* Reachability.swift */,
				FCEDF873203D758E002993AC /* Settings.bundle */,
				FC9C87A7203AE2FB000D2F9B /* Subject.swift */,
				FC9C87A9203B66F3000D2F9B /* Question.swift */,
				FC9C87AD203B9B50000D2F9B /* EndViewController.swift */,
				FC4253D6202C55C600501337 /* QuestionViewController.swift */,
				FC4253C8202C358A00501337 /* Main.storyboard */,
				FC9C87AB203B74F7000D2F9B /* AnswerViewController.swift */,
				FC4253CB202C358A00501337 /* Assets.xcassets */,
				FC4253CD202C358A00501337 /* LaunchScreen.storyboard */,
				FC4253D0202C358A00501337 /* Info.plist */,
			);
			path = iQuiz;
			sourceTree = "<group>";
		};
/* End PBXGroup section */

/* Begin PBXNativeTarget section */
		FC4253C0202C358A00501337 /* iQuiz */ = {
			isa = PBXNativeTarget;
			buildConfigurationList = FC4253D3202C358A00501337 /* Build configuration list for PBXNativeTarget "iQuiz" */;
			buildPhases = (
				FC4253BD202C358A00501337 /* Sources */,
				FC4253BE202C358A00501337 /* Frameworks */,
				FC4253BF202C358A00501337 /* Resources */,
			);
			buildRules = (
			);
			dependencies = (
			);
			name = iQuiz;
			productName = iQuiz;
			productReference = FC4253C1202C358A00501337 /* iQuiz.app */;
			productType = "com.apple.product-type.application";
		};
/* End PBXNativeTarget section */

/* Begin PBXProject section */
		FC4253B9202C358A00501337 /* Project object */ = {
			isa = PBXProject;
			attributes = {
				LastSwiftUpdateCheck = 0920;
				LastUpgradeCheck = 0920;
				ORGANIZATIONNAME = "Alexis Koss";
				TargetAttributes = {
					FC4253C0202C358A00501337 = {
						CreatedOnToolsVersion = 9.2;
						ProvisioningStyle = Automatic;
					};
				};
			};
			buildConfigurationList = FC4253BC202C358A00501337 /* Build configuration list for PBXProject "iQuiz" */;
			compatibilityVersion = "Xcode 8.0";
			developmentRegion = en;
			hasScannedForEncodings = 0;
			knownRegions = (
				en,
				Base,
			);
			mainGroup = FC4253B8202C358A00501337;
			productRefGroup = FC4253C2202C358A00501337 /* Products */;
			projectDirPath = "";
			projectRoot = "";
			targets = (
				FC4253C0202C358A00501337 /* iQuiz */,
			);
		};
/* End PBXProject section */

/* Begin PBXResourcesBuildPhase section */
		FC4253BF202C358A00501337 /* Resources */ = {
			isa = PBXResourcesBuildPhase;
			buildActionMask = 2147483647;
			files = (
				FCEDF874203D758E002993AC /* Settings.bundle in Resources */,
				FC4253CF202C358A00501337 /* LaunchScreen.storyboard in Resources */,
				FC4253CC202C358A00501337 /* Assets.xcassets in Resources */,
				FC4253CA202C358A00501337 /* Main.storyboard in Resources */,
			);
			runOnlyForDeploymentPostprocessing = 0;
		};
/* End PBXResourcesBuildPhase section */

/* Begin PBXSourcesBuildPhase section */
		FC4253BD202C358A00501337 /* Sources */ = {
			isa = PBXSourcesBuildPhase;
			buildActionMask = 2147483647;
			files = (
				FC9C87AC203B74F7000D2F9B /* AnswerViewController.swift in Sources */,
				FC9C87AA203B66F3000D2F9B /* Question.swift in Sources */,
				FC9C87A8203AE2FB000D2F9B /* Subject.swift in Sources */,
				FC9C87AE203B9B50000D2F9B /* EndViewController.swift in Sources */,
				FC4253C7202C358A00501337 /* ViewController.swift in Sources */,
				FC4253C5202C358A00501337 /* AppDelegate.swift in Sources */,
				FCEDF876203D8A1A002993AC /* Reachability.swift in Sources */,
				FC4253D7202C55C600501337 /* QuestionViewController.swift in Sources */,
			);
			runOnlyForDeploymentPostprocessing = 0;
		};
/* End PBXSourcesBuildPhase section */

/* Begin PBXVariantGroup section */
		FC4253C8202C358A00501337 /* Main.storyboard */ = {
			isa = PBXVariantGroup;
			children = (
				FC4253C9202C358A00501337 /* Base */,
			);
			name = Main.storyboard;
			sourceTree = "<group>";
		};
		FC4253CD202C358A00501337 /* LaunchScreen.storyboard */ = {
			isa = PBXVariantGroup;
			children = (
				FC4253CE202C358A00501337 /* Base */,
			);
			name = LaunchScreen.storyboard;
			sourceTree = "<group>";
		};
/* End PBXVariantGroup section */

/* Begin XCBuildConfiguration section */
		FC4253D1202C358A00501337 /* Debug */ = {
			isa = XCBuildConfiguration;
			buildSettings = {
				ALWAYS_SEARCH_USER_PATHS = NO;
				CLANG_ANALYZER_NONNULL = YES;
				CLANG_ANALYZER_NUMBER_OBJECT_CONVERSION = YES_AGGRESSIVE;
				CLANG_CXX_LANGUAGE_STANDARD = "gnu++14";
				CLANG_CXX_LIBRARY = "libc++";
				CLANG_ENABLE_MODULES = YES;
				CLANG_ENABLE_OBJC_ARC = YES;
				CLANG_WARN_BLOCK_CAPTURE_AUTORELEASING = YES;
				CLANG_WARN_BOOL_CONVERSION = YES;
				CLANG_WARN_COMMA = YES;
				CLANG_WARN_CONSTANT_CONVERSION = YES;
				CLANG_WARN_DIRECT_OBJC_ISA_USAGE = YES_ERROR;
				CLANG_WARN_DOCUMENTATION_COMMENTS = YES;
				CLANG_WARN_EMPTY_BODY = YES;
				CLANG_WARN_ENUM_CONVERSION = YES;
				CLANG_WARN_INFINITE_RECURSION = YES;
				CLANG_WARN_INT_CONVERSION = YES;
				CLANG_WARN_NON_LITERAL_NULL_CONVERSION = YES;
				CLANG_WARN_OBJC_LITERAL_CONVERSION = YES;
				CLANG_WARN_OBJC_ROOT_CLASS = YES_ERROR;
				CLANG_WARN_RANGE_LOOP_ANALYSIS = YES;
				CLANG_WARN_STRICT_PROTOTYPES = YES;
				CLANG_WARN_SUSPICIOUS_MOVE = YES;
				CLANG_WARN_UNGUARDED_AVAILABILITY = YES_AGGRESSIVE;
				CLANG_WARN_UNREACHABLE_CODE = YES;
				CLANG_WARN__DUPLICATE_METHOD_MATCH = YES;
				CODE_SIGN_IDENTITY = "iPhone Developer";
				COPY_PHASE_STRIP = NO;
				DEBUG_INFORMATION_FORMAT = dwarf;
				ENABLE_STRICT_OBJC_MSGSEND = YES;
				ENABLE_TESTABILITY = YES;
				GCC_C_LANGUAGE_STANDARD = gnu11;
				GCC_DYNAMIC_NO_PIC = NO;
				GCC_NO_COMMON_BLOCKS = YES;
				GCC_OPTIMIZATION_LEVEL = 0;
				GCC_PREPROCESSOR_DEFINITIONS = (
					"DEBUG=1",
					"$(inherited)",
				);
				GCC_WARN_64_TO_32_BIT_CONVERSION = YES;
				GCC_WARN_ABOUT_RETURN_TYPE = YES_ERROR;
				GCC_WARN_UNDECLARED_SELECTOR = YES;
				GCC_WARN_UNINITIALIZED_AUTOS = YES_AGGRESSIVE;
				GCC_WARN_UNUSED_FUNCTION = YES;
				GCC_WARN_UNUSED_VARIABLE = YES;
				IPHONEOS_DEPLOYMENT_TARGET = 11.2;
				MTL_ENABLE_DEBUG_INFO = YES;
				ONLY_ACTIVE_ARCH = YES;
				SDKROOT = iphoneos;
				SWIFT_ACTIVE_COMPILATION_CONDITIONS = DEBUG;
				SWIFT_OPTIMIZATION_LEVEL = "-Onone";
			};
			name = Debug;
		};
		FC4253D2202C358A00501337 /* Release */ = {
			isa = XCBuildConfiguration;
			buildSettings = {
				ALWAYS_SEARCH_USER_PATHS = NO;
				CLANG_ANALYZER_NONNULL = YES;
				CLANG_ANALYZER_NUMBER_OBJECT_CONVERSION = YES_AGGRESSIVE;
				CLANG_CXX_LANGUAGE_STANDARD = "gnu++14";
				CLANG_CXX_LIBRARY = "libc++";
				CLANG_ENABLE_MODULES = YES;
				CLANG_ENABLE_OBJC_ARC = YES;
				CLANG_WARN_BLOCK_CAPTURE_AUTORELEASING = YES;
				CLANG_WARN_BOOL_CONVERSION = YES;
				CLANG_WARN_COMMA = YES;
				CLANG_WARN_CONSTANT_CONVERSION = YES;
				CLANG_WARN_DIRECT_OBJC_ISA_USAGE = YES_ERROR;
				CLANG_WARN_DOCUMENTATION_COMMENTS = YES;
				CLANG_WARN_EMPTY_BODY = YES;
				CLANG_WARN_ENUM_CONVERSION = YES;
				CLANG_WARN_INFINITE_RECURSION = YES;
				CLANG_WARN_INT_CONVERSION = YES;
				CLANG_WARN_NON_LITERAL_NULL_CONVERSION = YES;
				CLANG_WARN_OBJC_LITERAL_CONVERSION = YES;
				CLANG_WARN_OBJC_ROOT_CLASS = YES_ERROR;
				CLANG_WARN_RANGE_LOOP_ANALYSIS = YES;
				CLANG_WARN_STRICT_PROTOTYPES = YES;
				CLANG_WARN_SUSPICIOUS_MOVE = YES;
				CLANG_WARN_UNGUARDED_AVAILABILITY = YES_AGGRESSIVE;
				CLANG_WARN_UNREACHABLE_CODE = YES;
				CLANG_WARN__DUPLICATE_METHOD_MATCH = YES;
				CODE_SIGN_IDENTITY = "iPhone Developer";
				COPY_PHASE_STRIP = NO;
				DEBUG_INFORMATION_FORMAT = "dwarf-with-dsym";
				ENABLE_NS_ASSERTIONS = NO;
				ENABLE_STRICT_OBJC_MSGSEND = YES;
				GCC_C_LANGUAGE_STANDARD = gnu11;
				GCC_NO_COMMON_BLOCKS = YES;
				GCC_WARN_64_TO_32_BIT_CONVERSION = YES;
				GCC_WARN_ABOUT_RETURN_TYPE = YES_ERROR;
				GCC_WARN_UNDECLARED_SELECTOR = YES;
				GCC_WARN_UNINITIALIZED_AUTOS = YES_AGGRESSIVE;
				GCC_WARN_UNUSED_FUNCTION = YES;
				GCC_WARN_UNUSED_VARIABLE = YES;
				IPHONEOS_DEPLOYMENT_TARGET = 11.2;
				MTL_ENABLE_DEBUG_INFO = NO;
				SDKROOT = iphoneos;
				SWIFT_OPTIMIZATION_LEVEL = "-Owholemodule";
				VALIDATE_PRODUCT = YES;
			};
			name = Release;
		};
		FC4253D4202C358A00501337 /* Debug */ = {
			isa = XCBuildConfiguration;
			buildSettings = {
				ASSETCATALOG_COMPILER_APPICON_NAME = AppIcon;
				CODE_SIGN_STYLE = Automatic;
				DEVELOPMENT_TEAM = 6P9XM28L79;
				INFOPLIST_FILE = iQuiz/Info.plist;
				LD_RUNPATH_SEARCH_PATHS = "$(inherited) @executable_path/Frameworks";
				PRODUCT_BUNDLE_IDENTIFIER = edu.uw.alexis30.iQuiz;
				PRODUCT_NAME = "$(TARGET_NAME)";
				SWIFT_VERSION = 4.0;
				TARGETED_DEVICE_FAMILY = "1,2";
			};
			name = Debug;
		};
		FC4253D5202C358A00501337 /* Release */ = {
			isa = XCBuildConfiguration;
			buildSettings = {
				ASSETCATALOG_COMPILER_APPICON_NAME = AppIcon;
				CODE_SIGN_STYLE = Automatic;
				DEVELOPMENT_TEAM = 6P9XM28L79;
				INFOPLIST_FILE = iQuiz/Info.plist;
				LD_RUNPATH_SEARCH_PATHS = "$(inherited) @executable_path/Frameworks";
				PRODUCT_BUNDLE_IDENTIFIER = edu.uw.alexis30.iQuiz;
				PRODUCT_NAME = "$(TARGET_NAME)";
				SWIFT_VERSION = 4.0;
				TARGETED_DEVICE_FAMILY = "1,2";
			};
			name = Release;
		};
/* End XCBuildConfiguration section */

/* Begin XCConfigurationList section */
		FC4253BC202C358A00501337 /* Build configuration list for PBXProject "iQuiz" */ = {
			isa = XCConfigurationList;
			buildConfigurations = (
				FC4253D1202C358A00501337 /* Debug */,
				FC4253D2202C358A00501337 /* Release */,
			);
			defaultConfigurationIsVisible = 0;
			defaultConfigurationName = Release;
		};
		FC4253D3202C358A00501337 /* Build configuration list for PBXNativeTarget "iQuiz" */ = {
			isa = XCConfigurationList;
			buildConfigurations = (
				FC4253D4202C358A00501337 /* Debug */,
				FC4253D5202C358A00501337 /* Release */,
			);
			defaultConfigurationIsVisible = 0;
			defaultConfigurationName = Release;
		};
/* End XCConfigurationList section */
	};
	rootObject = FC4253B9202C358A00501337 /* Project object */;
}
